
Microsoft Visual Studio Solution File, Format Version 12.00
# Visual Studio 15
VisualStudioVersion = 15.0.27703.2026
MinimumVisualStudioVersion = 10.0.40219.1
Project("{FAE04EC0-301F-11D3-BF4B-00C04F79EFBC}") = "Dinero.Android", "Dinero\Dinero.Android\Dinero.Android.csproj", "{B576ED96-783E-4104-976C-995D12246F5A}"
EndProject
Project("{FAE04EC0-301F-11D3-BF4B-00C04F79EFBC}") = "Dinero.iOS", "Dinero\Dinero.iOS\Dinero.iOS.csproj", "{D5CF0AFD-7DF4-435F-810B-C36A5E2F90FE}"
EndProject
Project("{FAE04EC0-301F-11D3-BF4B-00C04F79EFBC}") = "Dinero", "Dinero\Dinero\Dinero.csproj", "{D41BD0B4-0067-4C69-9E71-8EF9FC8521D7}"
EndProject
Global
	GlobalSection(SolutionConfigurationPlatforms) = preSolution
		Ad-Hoc|Any CPU = Ad-Hoc|Any CPU
		Ad-Hoc|iPhone = Ad-Hoc|iPhone
		Ad-Hoc|iPhoneSimulator = Ad-Hoc|iPhoneSimulator
		AppStore|Any CPU = AppStore|Any CPU
		AppStore|iPhone = AppStore|iPhone
		AppStore|iPhoneSimulator = AppStore|iPhoneSimulator
		Debug|Any CPU = Debug|Any CPU
		Debug|iPhone = Debug|iPhone
		Debug|iPhoneSimulator = Debug|iPhoneSimulator
		Release|Any CPU = Release|Any CPU
		Release|iPhone = Release|iPhone
		Release|iPhoneSimulator = Release|iPhoneSimulator
	EndGlobalSection
	GlobalSection(ProjectConfigurationPlatforms) = postSolution
		{B576ED96-783E-4104-976C-995D12246F5A}.Ad-Hoc|Any CPU.ActiveCfg = Release|Any CPU
		{B576ED96-783E-4104-976C-995D12246F5A}.Ad-Hoc|Any CPU.Build.0 = Release|Any CPU
		{B576ED96-783E-4104-976C-995D12246F5A}.Ad-Hoc|Any CPU.Deploy.0 = Release|Any CPU
		{B576ED96-783E-4104-976C-995D12246F5A}.Ad-Hoc|iPhone.ActiveCfg = Release|Any CPU
		{B576ED96-783E-4104-976C-995D12246F5A}.Ad-Hoc|iPhone.Build.0 = Release|Any CPU
		{B576ED96-783E-4104-976C-995D12246F5A}.Ad-Hoc|iPhone.Deploy.0 = Release|Any CPU
		{B576ED96-783E-4104-976C-995D12246F5A}.Ad-Hoc|iPhoneSimulator.ActiveCfg = Release|Any CPU
		{B576ED96-783E-4104-976C-995D12246F5A}.Ad-Hoc|iPhoneSimulator.Build.0 = Release|Any CPU
		{B576ED96-783E-4104-976C-995D12246F5A}.Ad-Hoc|iPhoneSimulator.Deploy.0 = Release|Any CPU
		{B576ED96-783E-4104-976C-995D12246F5A}.AppStore|Any CPU.ActiveCfg = Release|Any CPU
		{B576ED96-783E-4104-976C-995D12246F5A}.AppStore|Any CPU.Build.0 = Release|Any CPU
		{B576ED96-783E-4104-976C-995D12246F5A}.AppStore|Any CPU.Deploy.0 = Release|Any CPU
		{B576ED96-783E-4104-976C-995D12246F5A}.AppStore|iPhone.ActiveCfg = Release|Any CPU
		{B576ED96-783E-4104-976C-995D12246F5A}.AppStore|iPhone.Build.0 = Release|Any CPU
		{B576ED96-783E-4104-976C-995D12246F5A}.AppStore|iPhone.Deploy.0 = Release|Any CPU
		{B576ED96-783E-4104-976C-995D12246F5A}.AppStore|iPhoneSimulator.ActiveCfg = Release|Any CPU
		{B576ED96-783E-4104-976C-995D12246F5A}.AppStore|iPhoneSimulator.Build.0 = Release|Any CPU
		{B576ED96-783E-4104-976C-995D12246F5A}.AppStore|iPhoneSimulator.Deploy.0 = Release|Any CPU
		{B576ED96-783E-4104-976C-995D12246F5A}.Debug|Any CPU.ActiveCfg = Debug|Any CPU
		{B576ED96-783E-4104-976C-995D12246F5A}.Debug|Any CPU.Build.0 = Debug|Any CPU
		{B576ED96-783E-4104-976C-995D12246F5A}.Debug|Any CPU.Deploy.0 = Debug|Any CPU
		{B576ED96-783E-4104-976C-995D12246F5A}.Debug|iPhone.ActiveCfg = Debug|Any CPU
		{B576ED96-783E-4104-976C-995D12246F5A}.Debug|iPhone.Build.0 = Debug|Any CPU
		{B576ED96-783E-4104-976C-995D12246F5A}.Debug|iPhone.Deploy.0 = Debug|Any CPU
		{B576ED96-783E-4104-976C-995D12246F5A}.Debug|iPhoneSimulator.ActiveCfg = Debug|Any CPU
		{B576ED96-783E-4104-976C-995D12246F5A}.Debug|iPhoneSimulator.Build.0 = Debug|Any CPU
		{B576ED96-783E-4104-976C-995D12246F5A}.Debug|iPhoneSimulator.Deploy.0 = Debug|Any CPU
		{B576ED96-783E-4104-976C-995D12246F5A}.Release|Any CPU.ActiveCfg = Release|Any CPU
		{B576ED96-783E-4104-976C-995D12246F5A}.Release|Any CPU.Build.0 = Release|Any CPU
		{B576ED96-783E-4104-976C-995D12246F5A}.Release|Any CPU.Deploy.0 = Release|Any CPU
		{B576ED96-783E-4104-976C-995D12246F5A}.Release|iPhone.ActiveCfg = Release|Any CPU
		{B576ED96-783E-4104-976C-995D12246F5A}.Release|iPhone.Build.0 = Release|Any CPU
		{B576ED96-783E-4104-976C-995D12246F5A}.Release|iPhone.Deploy.0 = Release|Any CPU
		{B576ED96-783E-4104-976C-995D12246F5A}.Release|iPhoneSimulator.ActiveCfg = Release|Any CPU
		{B576ED96-783E-4104-976C-995D12246F5A}.Release|iPhoneSimulator.Build.0 = Release|Any CPU
		{B576ED96-783E-4104-976C-995D12246F5A}.Release|iPhoneSimulator.Deploy.0 = Release|Any CPU
		{D5CF0AFD-7DF4-435F-810B-C36A5E2F90FE}.Ad-Hoc|Any CPU.ActiveCfg = Ad-Hoc|iPhone
		{D5CF0AFD-7DF4-435F-810B-C36A5E2F90FE}.Ad-Hoc|Any CPU.Build.0 = Ad-Hoc|iPhone
		{D5CF0AFD-7DF4-435F-810B-C36A5E2F90FE}.Ad-Hoc|Any CPU.Deploy.0 = Ad-Hoc|iPhone
		{D5CF0AFD-7DF4-435F-810B-C36A5E2F90FE}.Ad-Hoc|iPhone.ActiveCfg = Ad-Hoc|iPhone
		{D5CF0AFD-7DF4-435F-810B-C36A5E2F90FE}.Ad-Hoc|iPhone.Build.0 = Ad-Hoc|iPhone
		{D5CF0AFD-7DF4-435F-810B-C36A5E2F90FE}.Ad-Hoc|iPhone.Deploy.0 = Ad-Hoc|iPhone
		{D5CF0AFD-7DF4-435F-810B-C36A5E2F90FE}.Ad-Hoc|iPhoneSimulator.ActiveCfg = Ad-Hoc|iPhoneSimulator
		{D5CF0AFD-7DF4-435F-810B-C36A5E2F90FE}.Ad-Hoc|iPhoneSimulator.Build.0 = Ad-Hoc|iPhoneSimulator
		{D5CF0AFD-7DF4-435F-810B-C36A5E2F90FE}.Ad-Hoc|iPhoneSimulator.Deploy.0 = Ad-Hoc|iPhoneSimulator
		{D5CF0AFD-7DF4-435F-810B-C36A5E2F90FE}.AppStore|Any CPU.ActiveCfg = AppStore|iPhone
		{D5CF0AFD-7DF4-435F-810B-C36A5E2F90FE}.AppStore|Any CPU.Build.0 = AppStore|iPhone
		{D5CF0AFD-7DF4-435F-810B-C36A5E2F90FE}.AppStore|Any CPU.Deploy.0 = AppStore|iPhone
		{D5CF0AFD-7DF4-435F-810B-C36A5E2F90FE}.AppStore|iPhone.ActiveCfg = AppStore|iPhone
		{D5CF0AFD-7DF4-435F-810B-C36A5E2F90FE}.AppStore|iPhone.Build.0 = AppStore|iPhone
		{D5CF0AFD-7DF4-435F-810B-C36A5E2F90FE}.AppStore|iPhone.Deploy.0 = AppStore|iPhone
		{D5CF0AFD-7DF4-435F-810B-C36A5E2F90FE}.AppStore|iPhoneSimulator.ActiveCfg = AppStore|iPhoneSimulator
		{D5CF0AFD-7DF4-435F-810B-C36A5E2F90FE}.AppStore|iPhoneSimulator.Build.0 = AppStore|iPhoneSimulator
		{D5CF0AFD-7DF4-435F-810B-C36A5E2F90FE}.AppStore|iPhoneSimulator.Deploy.0 = AppStore|iPhoneSimulator
		{D5CF0AFD-7DF4-435F-810B-C36A5E2F90FE}.Debug|Any CPU.ActiveCfg = Debug|iPhoneSimulator
		{D5CF0AFD-7DF4-435F-810B-C36A5E2F90FE}.Debug|Any CPU.Build.0 = Debug|iPhoneSimulator
		{D5CF0AFD-7DF4-435F-810B-C36A5E2F90FE}.Debug|Any CPU.Deploy.0 = Debug|iPhoneSimulator
		{D5CF0AFD-7DF4-435F-810B-C36A5E2F90FE}.Debug|iPhone.ActiveCfg = Debug|iPhone
		{D5CF0AFD-7DF4-435F-810B-C36A5E2F90FE}.Debug|iPhone.Build.0 = Debug|iPhone
		{D5CF0AFD-7DF4-435F-810B-C36A5E2F90FE}.Debug|iPhone.Deploy.0 = Debug|iPhone
		{D5CF0AFD-7DF4-435F-810B-C36A5E2F90FE}.Debug|iPhoneSimulator.ActiveCfg = Debug|iPhoneSimulator
		{D5CF0AFD-7DF4-435F-810B-C36A5E2F90FE}.Debug|iPhoneSimulator.Build.0 = Debug|iPhoneSimulator
		{D5CF0AFD-7DF4-435F-810B-C36A5E2F90FE}.Debug|iPhoneSimulator.Deploy.0 = Debug|iPhoneSimulator
		{D5CF0AFD-7DF4-435F-810B-C36A5E2F90FE}.Release|Any CPU.ActiveCfg = Release|iPhone
		{D5CF0AFD-7DF4-435F-810B-C36A5E2F90FE}.Release|Any CPU.Build.0 = Release|iPhone
		{D5CF0AFD-7DF4-435F-810B-C36A5E2F90FE}.Release|Any CPU.Deploy.0 = Release|iPhone
		{D5CF0AFD-7DF4-435F-810B-C36A5E2F90FE}.Release|iPhone.ActiveCfg = Release|iPhone
		{D5CF0AFD-7DF4-435F-810B-C36A5E2F90FE}.Release|iPhone.Build.0 = Release|iPhone
		{D5CF0AFD-7DF4-435F-810B-C36A5E2F90FE}.Release|iPhone.Deploy.0 = Release|iPhone
		{D5CF0AFD-7DF4-435F-810B-C36A5E2F90FE}.Release|iPhoneSimulator.ActiveCfg = Release|iPhoneSimulator
		{D5CF0AFD-7DF4-435F-810B-C36A5E2F90FE}.Release|iPhoneSimulator.Build.0 = Release|iPhoneSimulator
		{D5CF0AFD-7DF4-435F-810B-C36A5E2F90FE}.Release|iPhoneSimulator.Deploy.0 = Release|iPhoneSimulator
		{D41BD0B4-0067-4C69-9E71-8EF9FC8521D7}.Ad-Hoc|Any CPU.ActiveCfg = Debug|Any CPU
		{D41BD0B4-0067-4C69-9E71-8EF9FC8521D7}.Ad-Hoc|Any CPU.Build.0 = Debug|Any CPU
		{D41BD0B4-0067-4C69-9E71-8EF9FC8521D7}.Ad-Hoc|Any CPU.Deploy.0 = Debug|Any CPU
		{D41BD0B4-0067-4C69-9E71-8EF9FC8521D7}.Ad-Hoc|iPhone.ActiveCfg = Debug|Any CPU
		{D41BD0B4-0067-4C69-9E71-8EF9FC8521D7}.Ad-Hoc|iPhone.Build.0 = Debug|Any CPU
		{D41BD0B4-0067-4C69-9E71-8EF9FC8521D7}.Ad-Hoc|iPhone.Deploy.0 = Debug|Any CPU
		{D41BD0B4-0067-4C69-9E71-8EF9FC8521D7}.Ad-Hoc|iPhoneSimulator.ActiveCfg = Debug|Any CPU
		{D41BD0B4-0067-4C69-9E71-8EF9FC8521D7}.Ad-Hoc|iPhoneSimulator.Build.0 = Debug|Any CPU
		{D41BD0B4-0067-4C69-9E71-8EF9FC8521D7}.Ad-Hoc|iPhoneSimulator.Deploy.0 = Debug|Any CPU
		{D41BD0B4-0067-4C69-9E71-8EF9FC8521D7}.AppStore|Any CPU.ActiveCfg = Debug|Any CPU
		{D41BD0B4-0067-4C69-9E71-8EF9FC8521D7}.AppStore|Any CPU.Build.0 = Debug|Any CPU
		{D41BD0B4-0067-4C69-9E71-8EF9FC8521D7}.AppStore|Any CPU.Deploy.0 = Debug|Any CPU
		{D41BD0B4-0067-4C69-9E71-8EF9FC8521D7}.AppStore|iPhone.ActiveCfg = Debug|Any CPU
		{D41BD0B4-0067-4C69-9E71-8EF9FC8521D7}.AppStore|iPhone.Build.0 = Debug|Any CPU
		{D41BD0B4-0067-4C69-9E71-8EF9FC8521D7}.AppStore|iPhone.Deploy.0 = Debug|Any CPU
		{D41BD0B4-0067-4C69-9E71-8EF9FC8521D7}.AppStore|iPhoneSimulator.ActiveCfg = Debug|Any CPU
		{D41BD0B4-0067-4C69-9E71-8EF9FC8521D7}.AppStore|iPhoneSimulator.Build.0 = Debug|Any CPU
		{D41BD0B4-0067-4C69-9E71-8EF9FC8521D7}.AppStore|iPhoneSimulator.Deploy.0 = Debug|Any CPU
		{D41BD0B4-0067-4C69-9E71-8EF9FC8521D7}.Debug|Any CPU.ActiveCfg = Debug|Any CPU
		{D41BD0B4-0067-4C69-9E71-8EF9FC8521D7}.Debug|Any CPU.Build.0 = Debug|Any CPU
		{D41BD0B4-0067-4C69-9E71-8EF9FC8521D7}.Debug|Any CPU.Deploy.0 = Debug|Any CPU
		{D41BD0B4-0067-4C69-9E71-8EF9FC8521D7}.Debug|iPhone.ActiveCfg = Debug|Any CPU
		{D41BD0B4-0067-4C69-9E71-8EF9FC8521D7}.Debug|iPhone.Build.0 = Debug|Any CPU
		{D41BD0B4-0067-4C69-9E71-8EF9FC8521D7}.Debug|iPhone.Deploy.0 = Debug|Any CPU
		{D41BD0B4-0067-4C69-9E71-8EF9FC8521D7}.Debug|iPhoneSimulator.ActiveCfg = Debug|Any CPU
		{D41BD0B4-0067-4C69-9E71-8EF9FC8521D7}.Debug|iPhoneSimulator.Build.0 = Debug|Any CPU
		{D41BD0B4-0067-4C69-9E71-8EF9FC8521D7}.Debug|iPhoneSimulator.Deploy.0 = Debug|Any CPU
		{D41BD0B4-0067-4C69-9E71-8EF9FC8521D7}.Release|Any CPU.ActiveCfg = Release|Any CPU
		{D41BD0B4-0067-4C69-9E71-8EF9FC8521D7}.Release|Any CPU.Build.0 = Release|Any CPU
		{D41BD0B4-0067-4C69-9E71-8EF9FC8521D7}.Release|Any CPU.Deploy.0 = Release|Any CPU
		{D41BD0B4-0067-4C69-9E71-8EF9FC8521D7}.Release|iPhone.ActiveCfg = Release|Any CPU
		{D41BD0B4-0067-4C69-9E71-8EF9FC8521D7}.Release|iPhone.Build.0 = Release|Any CPU
		{D41BD0B4-0067-4C69-9E71-8EF9FC8521D7}.Release|iPhone.Deploy.0 = Release|Any CPU
		{D41BD0B4-0067-4C69-9E71-8EF9FC8521D7}.Release|iPhoneSimulator.ActiveCfg = Release|Any CPU
		{D41BD0B4-0067-4C69-9E71-8EF9FC8521D7}.Release|iPhoneSimulator.Build.0 = Release|Any CPU
		{D41BD0B4-0067-4C69-9E71-8EF9FC8521D7}.Release|iPhoneSimulator.Deploy.0 = Release|Any CPU
	EndGlobalSection
	GlobalSection(SolutionProperties) = preSolution
		HideSolutionNode = FALSE
	EndGlobalSection
	GlobalSection(ExtensibilityGlobals) = postSolution
		SolutionGuid = {7BF6B939-B901-44C9-BBFF-72E39BDE2331}
	EndGlobalSection
EndGlobal
